
Microsoft Visual Studio Solution File, Format Version 12.00
# Visual Studio 15
Project("{FAE04EC0-301F-11D3-BF4B-00C04F79EFBC}") = "SmartSkinCare.WebApi", "SmartSkinCare.WebApi\SmartSkinCare.WebApi.csproj", "{A07F0CCC-6394-4355-B923-B6390C8F5F9E}"
EndProject
Project("{FAE04EC0-301F-11D3-BF4B-00C04F79EFBC}") = "SmartSkinCare.DAL", "SmartSkinCare.DAL\SmartSkinCare.DAL.csproj", "{26D39DCA-7AF1-477D-B0D4-8A7CD95BBB3C}"
EndProject
Project("{FAE04EC0-301F-11D3-BF4B-00C04F79EFBC}") = "SmartSkinCare.BusinessLogic", "SmartSkinCare.BusinessLogic\SmartSkinCare.BusinessLogic.csproj", "{C88127A5-EAFC-4AF0-9AE4-53FD5C52C087}"
EndProject
Global
	GlobalSection(SolutionConfigurationPlatforms) = preSolution
		Debug|Any CPU = Debug|Any CPU
		Release|Any CPU = Release|Any CPU
	EndGlobalSection
	GlobalSection(ProjectConfigurationPlatforms) = postSolution
		{A07F0CCC-6394-4355-B923-B6390C8F5F9E}.Debug|Any CPU.ActiveCfg = Debug|Any CPU
		{A07F0CCC-6394-4355-B923-B6390C8F5F9E}.Debug|Any CPU.Build.0 = Debug|Any CPU
		{A07F0CCC-6394-4355-B923-B6390C8F5F9E}.Release|Any CPU.ActiveCfg = Release|Any CPU
		{A07F0CCC-6394-4355-B923-B6390C8F5F9E}.Release|Any CPU.Build.0 = Release|Any CPU
		{26D39DCA-7AF1-477D-B0D4-8A7CD95BBB3C}.Debug|Any CPU.ActiveCfg = Debug|Any CPU
		{26D39DCA-7AF1-477D-B0D4-8A7CD95BBB3C}.Debug|Any CPU.Build.0 = Debug|Any CPU
		{26D39DCA-7AF1-477D-B0D4-8A7CD95BBB3C}.Release|Any CPU.ActiveCfg = Release|Any CPU
		{26D39DCA-7AF1-477D-B0D4-8A7CD95BBB3C}.Release|Any CPU.Build.0 = Release|Any CPU
		{C88127A5-EAFC-4AF0-9AE4-53FD5C52C087}.Debug|Any CPU.ActiveCfg = Debug|Any CPU
		{C88127A5-EAFC-4AF0-9AE4-53FD5C52C087}.Debug|Any CPU.Build.0 = Debug|Any CPU
		{C88127A5-EAFC-4AF0-9AE4-53FD5C52C087}.Release|Any CPU.ActiveCfg = Release|Any CPU
		{C88127A5-EAFC-4AF0-9AE4-53FD5C52C087}.Release|Any CPU.Build.0 = Release|Any CPU
	EndGlobalSection
	GlobalSection(NestedProjects) = preSolution
	EndGlobalSection
EndGlobal
